
Microsoft Visual Studio Solution File, Format Version 12.00
# Visual Studio Version 16
VisualStudioVersion = 16.0.30204.135
MinimumVisualStudioVersion = 10.0.40219.1
Project("{FAE04EC0-301F-11D3-BF4B-00C04F79EFBC}") = "ShoppingCart.Business", "src\ShoppingCart.Business\ShoppingCart.Business.csproj", "{6ECF8C1F-6F5D-499F-82A1-0219486F214E}"
EndProject
Project("{2150E333-8FDC-42A3-9474-1A3956D46DE8}") = ".Tests", ".Tests", "{674D92E8-8395-49B1-9CB1-38986F1589ED}"
EndProject
Project("{FAE04EC0-301F-11D3-BF4B-00C04F79EFBC}") = "ShoppingCart.UnitTests", "src\tests\ShoppingCart.UnitTests\ShoppingCart.UnitTests.csproj", "{02CAA02C-C0A4-477C-B7D8-04A4C7533F0F}"
EndProject
Global
	GlobalSection(SolutionConfigurationPlatforms) = preSolution
		Debug|Any CPU = Debug|Any CPU
		Release|Any CPU = Release|Any CPU
	EndGlobalSection
	GlobalSection(ProjectConfigurationPlatforms) = postSolution
		{6ECF8C1F-6F5D-499F-82A1-0219486F214E}.Debug|Any CPU.ActiveCfg = Debug|Any CPU
		{6ECF8C1F-6F5D-499F-82A1-0219486F214E}.Debug|Any CPU.Build.0 = Debug|Any CPU
		{6ECF8C1F-6F5D-499F-82A1-0219486F214E}.Release|Any CPU.ActiveCfg = Release|Any CPU
		{6ECF8C1F-6F5D-499F-82A1-0219486F214E}.Release|Any CPU.Build.0 = Release|Any CPU
		{02CAA02C-C0A4-477C-B7D8-04A4C7533F0F}.Debug|Any CPU.ActiveCfg = Debug|Any CPU
		{02CAA02C-C0A4-477C-B7D8-04A4C7533F0F}.Debug|Any CPU.Build.0 = Debug|Any CPU
		{02CAA02C-C0A4-477C-B7D8-04A4C7533F0F}.Release|Any CPU.ActiveCfg = Release|Any CPU
		{02CAA02C-C0A4-477C-B7D8-04A4C7533F0F}.Release|Any CPU.Build.0 = Release|Any CPU
	EndGlobalSection
	GlobalSection(SolutionProperties) = preSolution
		HideSolutionNode = FALSE
	EndGlobalSection
	GlobalSection(NestedProjects) = preSolution
		{02CAA02C-C0A4-477C-B7D8-04A4C7533F0F} = {674D92E8-8395-49B1-9CB1-38986F1589ED}
	EndGlobalSection
	GlobalSection(ExtensibilityGlobals) = postSolution
		SolutionGuid = {C3053D72-C5DC-42D1-AAE9-AE7064A532CE}
	EndGlobalSection
EndGlobal
